// !$*UTF8*$!
{
	archiveVersion = 1;
	classes = {
	};
	objectVersion = 52;
	objects = {

/* Begin PBXBuildFile section */
		433A26C52568581C00948A96 /* NewLoadScreen.swift in Sources */ = {isa = PBXBuildFile; fileRef = 433A26C42568581C00948A96 /* NewLoadScreen.swift */; };
		433A26CC25686E1A00948A96 /* NewCharacter.swift in Sources */ = {isa = PBXBuildFile; fileRef = 433A26CB25686E1A00948A96 /* NewCharacter.swift */; };
		433A26CF25686F2300948A96 /* LoadCharacter.swift in Sources */ = {isa = PBXBuildFile; fileRef = 433A26CE25686F2300948A96 /* LoadCharacter.swift */; };
		43B352F9256C01EA006EFD59 /* NewCharClassView.swift in Sources */ = {isa = PBXBuildFile; fileRef = 43B352F8256C01EA006EFD59 /* NewCharClassView.swift */; };
		43B352FE256C32BE006EFD59 /* SwiftSoup in Frameworks */ = {isa = PBXBuildFile; productRef = 43B352FD256C32BE006EFD59 /* SwiftSoup */; };
		43B35309256C4EA8006EFD59 /* NewCharacterSkills.swift in Sources */ = {isa = PBXBuildFile; fileRef = 43B35308256C4EA8006EFD59 /* NewCharacterSkills.swift */; };
		979AB3D42566B8580027E7FC /* PF2E_iOSApp.swift in Sources */ = {isa = PBXBuildFile; fileRef = 979AB3D32566B8580027E7FC /* PF2E_iOSApp.swift */; };
		979AB3D62566B8580027E7FC /* ContentView.swift in Sources */ = {isa = PBXBuildFile; fileRef = 979AB3D52566B8580027E7FC /* ContentView.swift */; };
		979AB3D82566B8750027E7FC /* Assets.xcassets in Resources */ = {isa = PBXBuildFile; fileRef = 979AB3D72566B8750027E7FC /* Assets.xcassets */; };
		979AB3DB2566B8750027E7FC /* Preview Assets.xcassets in Resources */ = {isa = PBXBuildFile; fileRef = 979AB3DA2566B8750027E7FC /* Preview Assets.xcassets */; };
/* End PBXBuildFile section */

/* Begin PBXFileReference section */
		433A26C42568581C00948A96 /* NewLoadScreen.swift */ = {isa = PBXFileReference; lastKnownFileType = sourcecode.swift; path = NewLoadScreen.swift; sourceTree = "<group>"; };
		433A26CB25686E1A00948A96 /* NewCharacter.swift */ = {isa = PBXFileReference; lastKnownFileType = sourcecode.swift; path = NewCharacter.swift; sourceTree = "<group>"; };
		433A26CE25686F2300948A96 /* LoadCharacter.swift */ = {isa = PBXFileReference; lastKnownFileType = sourcecode.swift; path = LoadCharacter.swift; sourceTree = "<group>"; };
		43B352F8256C01EA006EFD59 /* NewCharClassView.swift */ = {isa = PBXFileReference; lastKnownFileType = sourcecode.swift; path = NewCharClassView.swift; sourceTree = "<group>"; };
		43B35308256C4EA8006EFD59 /* NewCharacterSkills.swift */ = {isa = PBXFileReference; lastKnownFileType = sourcecode.swift; path = NewCharacterSkills.swift; sourceTree = "<group>"; };
		979AB3D02566B8580027E7FC /* PF2E-iOS.app */ = {isa = PBXFileReference; explicitFileType = wrapper.application; includeInIndex = 0; path = "PF2E-iOS.app"; sourceTree = BUILT_PRODUCTS_DIR; };
		979AB3D32566B8580027E7FC /* PF2E_iOSApp.swift */ = {isa = PBXFileReference; lastKnownFileType = sourcecode.swift; path = PF2E_iOSApp.swift; sourceTree = "<group>"; };
		979AB3D52566B8580027E7FC /* ContentView.swift */ = {isa = PBXFileReference; lastKnownFileType = sourcecode.swift; path = ContentView.swift; sourceTree = "<group>"; };
		979AB3D72566B8750027E7FC /* Assets.xcassets */ = {isa = PBXFileReference; lastKnownFileType = folder.assetcatalog; path = Assets.xcassets; sourceTree = "<group>"; };
		979AB3DA2566B8750027E7FC /* Preview Assets.xcassets */ = {isa = PBXFileReference; lastKnownFileType = folder.assetcatalog; path = "Preview Assets.xcassets"; sourceTree = "<group>"; };
		979AB3DC2566B8750027E7FC /* Info.plist */ = {isa = PBXFileReference; lastKnownFileType = text.plist.xml; path = Info.plist; sourceTree = "<group>"; };
/* End PBXFileReference section */

/* Begin PBXFrameworksBuildPhase section */
		979AB3CD2566B8580027E7FC /* Frameworks */ = {
			isa = PBXFrameworksBuildPhase;
			buildActionMask = 2147483647;
			files = (
				43B352FE256C32BE006EFD59 /* SwiftSoup in Frameworks */,
			);
			runOnlyForDeploymentPostprocessing = 0;
		};
/* End PBXFrameworksBuildPhase section */

/* Begin PBXGroup section */
		979AB3C72566B8580027E7FC = {
			isa = PBXGroup;
			children = (
				979AB3D22566B8580027E7FC /* PF2E-iOS */,
				979AB3D12566B8580027E7FC /* Products */,
			);
			sourceTree = "<group>";
		};
		979AB3D12566B8580027E7FC /* Products */ = {
			isa = PBXGroup;
			children = (
				979AB3D02566B8580027E7FC /* PF2E-iOS.app */,
			);
			name = Products;
			sourceTree = "<group>";
		};
		979AB3D22566B8580027E7FC /* PF2E-iOS */ = {
			isa = PBXGroup;
			children = (
				979AB3D32566B8580027E7FC /* PF2E_iOSApp.swift */,
				979AB3D52566B8580027E7FC /* ContentView.swift */,
				433A26C42568581C00948A96 /* NewLoadScreen.swift */,
				433A26CB25686E1A00948A96 /* NewCharacter.swift */,
				43B35308256C4EA8006EFD59 /* NewCharacterSkills.swift */,
				43B352F8256C01EA006EFD59 /* NewCharClassView.swift */,
				433A26CE25686F2300948A96 /* LoadCharacter.swift */,
				979AB3D72566B8750027E7FC /* Assets.xcassets */,
				979AB3DC2566B8750027E7FC /* Info.plist */,
				979AB3D92566B8750027E7FC /* Preview Content */,
			);
			path = "PF2E-iOS";
			sourceTree = "<group>";
		};
		979AB3D92566B8750027E7FC /* Preview Content */ = {
			isa = PBXGroup;
			children = (
				979AB3DA2566B8750027E7FC /* Preview Assets.xcassets */,
			);
			path = "Preview Content";
			sourceTree = "<group>";
		};
/* End PBXGroup section */

/* Begin PBXNativeTarget section */
		979AB3CF2566B8580027E7FC /* PF2E-iOS */ = {
			isa = PBXNativeTarget;
			buildConfigurationList = 979AB3DF2566B8750027E7FC /* Build configuration list for PBXNativeTarget "PF2E-iOS" */;
			buildPhases = (
				979AB3CC2566B8580027E7FC /* Sources */,
				979AB3CD2566B8580027E7FC /* Frameworks */,
				979AB3CE2566B8580027E7FC /* Resources */,
			);
			buildRules = (
			);
			dependencies = (
			);
			name = "PF2E-iOS";
			packageProductDependencies = (
				43B352FD256C32BE006EFD59 /* SwiftSoup */,
			);
			productName = "PF2E-iOS";
			productReference = 979AB3D02566B8580027E7FC /* PF2E-iOS.app */;
			productType = "com.apple.product-type.application";
		};
/* End PBXNativeTarget section */

/* Begin PBXProject section */
		979AB3C82566B8580027E7FC /* Project object */ = {
			isa = PBXProject;
			attributes = {
				LastSwiftUpdateCheck = 1220;
				LastUpgradeCheck = 1220;
				TargetAttributes = {
					979AB3CF2566B8580027E7FC = {
						CreatedOnToolsVersion = 12.2;
					};
				};
			};
			buildConfigurationList = 979AB3CB2566B8580027E7FC /* Build configuration list for PBXProject "PF2E-iOS" */;
			compatibilityVersion = "Xcode 9.3";
			developmentRegion = en;
			hasScannedForEncodings = 0;
			knownRegions = (
				en,
				Base,
			);
			mainGroup = 979AB3C72566B8580027E7FC;
			packageReferences = (
				43B352FC256C32BE006EFD59 /* XCRemoteSwiftPackageReference "SwiftSoup" */,
			);
			productRefGroup = 979AB3D12566B8580027E7FC /* Products */;
			projectDirPath = "";
			projectRoot = "";
			targets = (
				979AB3CF2566B8580027E7FC /* PF2E-iOS */,
			);
		};
/* End PBXProject section */

/* Begin PBXResourcesBuildPhase section */
		979AB3CE2566B8580027E7FC /* Resources */ = {
			isa = PBXResourcesBuildPhase;
			buildActionMask = 2147483647;
			files = (
				979AB3DB2566B8750027E7FC /* Preview Assets.xcassets in Resources */,
				979AB3D82566B8750027E7FC /* Assets.xcassets in Resources */,
			);
			runOnlyForDeploymentPostprocessing = 0;
		};
/* End PBXResourcesBuildPhase section */

/* Begin PBXSourcesBuildPhase section */
		979AB3CC2566B8580027E7FC /* Sources */ = {
			isa = PBXSourcesBuildPhase;
			buildActionMask = 2147483647;
			files = (
				43B35309256C4EA8006EFD59 /* NewCharacterSkills.swift in Sources */,
				433A26CC25686E1A00948A96 /* NewCharacter.swift in Sources */,
				979AB3D62566B8580027E7FC /* ContentView.swift in Sources */,
				979AB3D42566B8580027E7FC /* PF2E_iOSApp.swift in Sources */,
				433A26C52568581C00948A96 /* NewLoadScreen.swift in Sources */,
				433A26CF25686F2300948A96 /* LoadCharacter.swift in Sources */,
				43B352F9256C01EA006EFD59 /* NewCharClassView.swift in Sources */,
			);
			runOnlyForDeploymentPostprocessing = 0;
		};
/* End PBXSourcesBuildPhase section */

/* Begin XCBuildConfiguration section */
		979AB3DD2566B8750027E7FC /* Debug */ = {
			isa = XCBuildConfiguration;
			buildSettings = {
				ALWAYS_SEARCH_USER_PATHS = NO;
				CLANG_ANALYZER_NONNULL = YES;
				CLANG_ANALYZER_NUMBER_OBJECT_CONVERSION = YES_AGGRESSIVE;
				CLANG_CXX_LANGUAGE_STANDARD = "gnu++14";
				CLANG_CXX_LIBRARY = "libc++";
				CLANG_ENABLE_MODULES = YES;
				CLANG_ENABLE_OBJC_ARC = YES;
				CLANG_ENABLE_OBJC_WEAK = YES;
				CLANG_WARN_BLOCK_CAPTURE_AUTORELEASING = YES;
				CLANG_WARN_BOOL_CONVERSION = YES;
				CLANG_WARN_COMMA = YES;
				CLANG_WARN_CONSTANT_CONVERSION = YES;
				CLANG_WARN_DEPRECATED_OBJC_IMPLEMENTATIONS = YES;
				CLANG_WARN_DIRECT_OBJC_ISA_USAGE = YES_ERROR;
				CLANG_WARN_DOCUMENTATION_COMMENTS = YES;
				CLANG_WARN_EMPTY_BODY = YES;
				CLANG_WARN_ENUM_CONVERSION = YES;
				CLANG_WARN_INFINITE_RECURSION = YES;
				CLANG_WARN_INT_CONVERSION = YES;
				CLANG_WARN_NON_LITERAL_NULL_CONVERSION = YES;
				CLANG_WARN_OBJC_IMPLICIT_RETAIN_SELF = YES;
				CLANG_WARN_OBJC_LITERAL_CONVERSION = YES;
				CLANG_WARN_OBJC_ROOT_CLASS = YES_ERROR;
				CLANG_WARN_QUOTED_INCLUDE_IN_FRAMEWORK_HEADER = YES;
				CLANG_WARN_RANGE_LOOP_ANALYSIS = YES;
				CLANG_WARN_STRICT_PROTOTYPES = YES;
				CLANG_WARN_SUSPICIOUS_MOVE = YES;
				CLANG_WARN_UNGUARDED_AVAILABILITY = YES_AGGRESSIVE;
				CLANG_WARN_UNREACHABLE_CODE = YES;
				CLANG_WARN__DUPLICATE_METHOD_MATCH = YES;
				COPY_PHASE_STRIP = NO;
				DEBUG_INFORMATION_FORMAT = dwarf;
				ENABLE_STRICT_OBJC_MSGSEND = YES;
				ENABLE_TESTABILITY = YES;
				GCC_C_LANGUAGE_STANDARD = gnu11;
				GCC_DYNAMIC_NO_PIC = NO;
				GCC_NO_COMMON_BLOCKS = YES;
				GCC_OPTIMIZATION_LEVEL = 0;
				GCC_PREPROCESSOR_DEFINITIONS = (
					"DEBUG=1",
					"$(inherited)",
				);
				GCC_WARN_64_TO_32_BIT_CONVERSION = YES;
				GCC_WARN_ABOUT_RETURN_TYPE = YES_ERROR;
				GCC_WARN_UNDECLARED_SELECTOR = YES;
				GCC_WARN_UNINITIALIZED_AUTOS = YES_AGGRESSIVE;
				GCC_WARN_UNUSED_FUNCTION = YES;
				GCC_WARN_UNUSED_VARIABLE = YES;
				IPHONEOS_DEPLOYMENT_TARGET = 14.2;
				MTL_ENABLE_DEBUG_INFO = INCLUDE_SOURCE;
				MTL_FAST_MATH = YES;
				ONLY_ACTIVE_ARCH = YES;
				SDKROOT = iphoneos;
				SWIFT_ACTIVE_COMPILATION_CONDITIONS = DEBUG;
				SWIFT_OPTIMIZATION_LEVEL = "-Onone";
			};
			name = Debug;
		};
		979AB3DE2566B8750027E7FC /* Release */ = {
			isa = XCBuildConfiguration;
			buildSettings = {
				ALWAYS_SEARCH_USER_PATHS = NO;
				CLANG_ANALYZER_NONNULL = YES;
				CLANG_ANALYZER_NUMBER_OBJECT_CONVERSION = YES_AGGRESSIVE;
				CLANG_CXX_LANGUAGE_STANDARD = "gnu++14";
				CLANG_CXX_LIBRARY = "libc++";
				CLANG_ENABLE_MODULES = YES;
				CLANG_ENABLE_OBJC_ARC = YES;
				CLANG_ENABLE_OBJC_WEAK = YES;
				CLANG_WARN_BLOCK_CAPTURE_AUTORELEASING = YES;
				CLANG_WARN_BOOL_CONVERSION = YES;
				CLANG_WARN_COMMA = YES;
				CLANG_WARN_CONSTANT_CONVERSION = YES;
				CLANG_WARN_DEPRECATED_OBJC_IMPLEMENTATIONS = YES;
				CLANG_WARN_DIRECT_OBJC_ISA_USAGE = YES_ERROR;
				CLANG_WARN_DOCUMENTATION_COMMENTS = YES;
				CLANG_WARN_EMPTY_BODY = YES;
				CLANG_WARN_ENUM_CONVERSION = YES;
				CLANG_WARN_INFINITE_RECURSION = YES;
				CLANG_WARN_INT_CONVERSION = YES;
				CLANG_WARN_NON_LITERAL_NULL_CONVERSION = YES;
				CLANG_WARN_OBJC_IMPLICIT_RETAIN_SELF = YES;
				CLANG_WARN_OBJC_LITERAL_CONVERSION = YES;
				CLANG_WARN_OBJC_ROOT_CLASS = YES_ERROR;
				CLANG_WARN_QUOTED_INCLUDE_IN_FRAMEWORK_HEADER = YES;
				CLANG_WARN_RANGE_LOOP_ANALYSIS = YES;
				CLANG_WARN_STRICT_PROTOTYPES = YES;
				CLANG_WARN_SUSPICIOUS_MOVE = YES;
				CLANG_WARN_UNGUARDED_AVAILABILITY = YES_AGGRESSIVE;
				CLANG_WARN_UNREACHABLE_CODE = YES;
				CLANG_WARN__DUPLICATE_METHOD_MATCH = YES;
				COPY_PHASE_STRIP = NO;
				DEBUG_INFORMATION_FORMAT = "dwarf-with-dsym";
				ENABLE_NS_ASSERTIONS = NO;
				ENABLE_STRICT_OBJC_MSGSEND = YES;
				GCC_C_LANGUAGE_STANDARD = gnu11;
				GCC_NO_COMMON_BLOCKS = YES;
				GCC_WARN_64_TO_32_BIT_CONVERSION = YES;
				GCC_WARN_ABOUT_RETURN_TYPE = YES_ERROR;
				GCC_WARN_UNDECLARED_SELECTOR = YES;
				GCC_WARN_UNINITIALIZED_AUTOS = YES_AGGRESSIVE;
				GCC_WARN_UNUSED_FUNCTION = YES;
				GCC_WARN_UNUSED_VARIABLE = YES;
				IPHONEOS_DEPLOYMENT_TARGET = 14.2;
				MTL_ENABLE_DEBUG_INFO = NO;
				MTL_FAST_MATH = YES;
				SDKROOT = iphoneos;
				SWIFT_COMPILATION_MODE = wholemodule;
				SWIFT_OPTIMIZATION_LEVEL = "-O";
				VALIDATE_PRODUCT = YES;
			};
			name = Release;
		};
		979AB3E02566B8750027E7FC /* Debug */ = {
			isa = XCBuildConfiguration;
			buildSettings = {
				ASSETCATALOG_COMPILER_APPICON_NAME = AppIcon;
				ASSETCATALOG_COMPILER_GLOBAL_ACCENT_COLOR_NAME = AccentColor;
				CODE_SIGN_STYLE = Automatic;
				DEVELOPMENT_ASSET_PATHS = "\"PF2E-iOS/Preview Content\"";
				ENABLE_PREVIEWS = YES;
				INFOPLIST_FILE = "PF2E-iOS/Info.plist";
				IPHONEOS_DEPLOYMENT_TARGET = 14.0;
				LD_RUNPATH_SEARCH_PATHS = (
					"$(inherited)",
					"@executable_path/Frameworks",
				);
				PRODUCT_BUNDLE_IDENTIFIER = "com.devvz.PF2E-iOS";
				PRODUCT_NAME = "$(TARGET_NAME)";
				SWIFT_VERSION = 5.0;
				TARGETED_DEVICE_FAMILY = "1,2";
			};
			name = Debug;
		};
		979AB3E12566B8750027E7FC /* Release */ = {
			isa = XCBuildConfiguration;
			buildSettings = {
				ASSETCATALOG_COMPILER_APPICON_NAME = AppIcon;
				ASSETCATALOG_COMPILER_GLOBAL_ACCENT_COLOR_NAME = AccentColor;
				CODE_SIGN_STYLE = Automatic;
				DEVELOPMENT_ASSET_PATHS = "\"PF2E-iOS/Preview Content\"";
				ENABLE_PREVIEWS = YES;
				INFOPLIST_FILE = "PF2E-iOS/Info.plist";
				IPHONEOS_DEPLOYMENT_TARGET = 14.0;
				LD_RUNPATH_SEARCH_PATHS = (
					"$(inherited)",
					"@executable_path/Frameworks",
				);
				PRODUCT_BUNDLE_IDENTIFIER = "com.devvz.PF2E-iOS";
				PRODUCT_NAME = "$(TARGET_NAME)";
				SWIFT_VERSION = 5.0;
				TARGETED_DEVICE_FAMILY = "1,2";
			};
			name = Release;
		};
/* End XCBuildConfiguration section */

/* Begin XCConfigurationList section */
		979AB3CB2566B8580027E7FC /* Build configuration list for PBXProject "PF2E-iOS" */ = {
			isa = XCConfigurationList;
			buildConfigurations = (
				979AB3DD2566B8750027E7FC /* Debug */,
				979AB3DE2566B8750027E7FC /* Release */,
			);
			defaultConfigurationIsVisible = 0;
			defaultConfigurationName = Release;
		};
		979AB3DF2566B8750027E7FC /* Build configuration list for PBXNativeTarget "PF2E-iOS" */ = {
			isa = XCConfigurationList;
			buildConfigurations = (
				979AB3E02566B8750027E7FC /* Debug */,
				979AB3E12566B8750027E7FC /* Release */,
			);
			defaultConfigurationIsVisible = 0;
			defaultConfigurationName = Release;
		};
/* End XCConfigurationList section */

/* Begin XCRemoteSwiftPackageReference section */
		43B352FC256C32BE006EFD59 /* XCRemoteSwiftPackageReference "SwiftSoup" */ = {
			isa = XCRemoteSwiftPackageReference;
			repositoryURL = "https://github.com/scinfu/SwiftSoup.git";
			requirement = {
				kind = upToNextMajorVersion;
				minimumVersion = 2.3.2;
			};
		};
/* End XCRemoteSwiftPackageReference section */

/* Begin XCSwiftPackageProductDependency section */
		43B352FD256C32BE006EFD59 /* SwiftSoup */ = {
			isa = XCSwiftPackageProductDependency;
			package = 43B352FC256C32BE006EFD59 /* XCRemoteSwiftPackageReference "SwiftSoup" */;
			productName = SwiftSoup;
		};
/* End XCSwiftPackageProductDependency section */
	};
	rootObject = 979AB3C82566B8580027E7FC /* Project object */;
}
